// !$*UTF8*$!
{
	archiveVersion = 1;
	classes = {
	};
	objectVersion = 55;
	objects = {

/* Begin PBXBuildFile section */
		1B0FA1832884293D00F294E7 /* FirebaseAuth in Frameworks */ = {isa = PBXBuildFile; productRef = 1B0FA1822884293D00F294E7 /* FirebaseAuth */; };
		1B0FA1852884293D00F294E7 /* FirebaseFirestore in Frameworks */ = {isa = PBXBuildFile; productRef = 1B0FA1842884293D00F294E7 /* FirebaseFirestore */; };
		1B0FA1872884293D00F294E7 /* FirebaseFirestoreSwift in Frameworks */ = {isa = PBXBuildFile; productRef = 1B0FA1862884293D00F294E7 /* FirebaseFirestoreSwift */; };
		1B0FA1892884293D00F294E7 /* FirebaseStorage in Frameworks */ = {isa = PBXBuildFile; productRef = 1B0FA1882884293D00F294E7 /* FirebaseStorage */; };
		1B0FA18D28842D3200F294E7 /* GoogleService-Info.plist in Resources */ = {isa = PBXBuildFile; fileRef = 1B0FA18C28842D3200F294E7 /* GoogleService-Info.plist */; };
		1B0FA18F28848BF100F294E7 /* AuthViewModel.swift in Sources */ = {isa = PBXBuildFile; fileRef = 1B0FA18E28848BF100F294E7 /* AuthViewModel.swift */; };
		1B0FA19228848D0800F294E7 /* FirebaseAuth in Frameworks */ = {isa = PBXBuildFile; productRef = 1B0FA19128848D0800F294E7 /* FirebaseAuth */; };
		1B0FA19428848D0800F294E7 /* FirebaseFirestore in Frameworks */ = {isa = PBXBuildFile; productRef = 1B0FA19328848D0800F294E7 /* FirebaseFirestore */; };
		1B0FA19628848D0800F294E7 /* FirebaseFirestoreSwift in Frameworks */ = {isa = PBXBuildFile; productRef = 1B0FA19528848D0800F294E7 /* FirebaseFirestoreSwift */; };
		1B0FA19828848D0800F294E7 /* FirebaseStorage in Frameworks */ = {isa = PBXBuildFile; productRef = 1B0FA19728848D0800F294E7 /* FirebaseStorage */; };
		1B0FA19A2886581F00F294E7 /* ProfilePhotoSelecterView.swift in Sources */ = {isa = PBXBuildFile; fileRef = 1B0FA1992886581E00F294E7 /* ProfilePhotoSelecterView.swift */; };
		1B0FA19D2886694A00F294E7 /* ImagePicker.swift in Sources */ = {isa = PBXBuildFile; fileRef = 1B0FA19C2886694900F294E7 /* ImagePicker.swift */; };
		1B0FA19F288F946300F294E7 /* ImageUploader.swift in Sources */ = {isa = PBXBuildFile; fileRef = 1B0FA19E288F946300F294E7 /* ImageUploader.swift */; };
		1B13722E28537BFD00B8DCB0 /* TwitterSwiftUIYoutubeApp.swift in Sources */ = {isa = PBXBuildFile; fileRef = 1B13722D28537BFD00B8DCB0 /* TwitterSwiftUIYoutubeApp.swift */; };
		1B13723028537BFD00B8DCB0 /* ContentView.swift in Sources */ = {isa = PBXBuildFile; fileRef = 1B13722F28537BFD00B8DCB0 /* ContentView.swift */; };
		1B13723228537BFE00B8DCB0 /* Assets.xcassets in Resources */ = {isa = PBXBuildFile; fileRef = 1B13723128537BFE00B8DCB0 /* Assets.xcassets */; };
		1B59B7FA285CCA4000C401C7 /* MainTabView.swift in Sources */ = {isa = PBXBuildFile; fileRef = 1B59B7F9285CCA4000C401C7 /* MainTabView.swift */; };
		1B59B800285CCBD000C401C7 /* ExploreView.swift in Sources */ = {isa = PBXBuildFile; fileRef = 1B59B7FF285CCBD000C401C7 /* ExploreView.swift */; };
		1B59B802285CCBF100C401C7 /* NotificationsView.swift in Sources */ = {isa = PBXBuildFile; fileRef = 1B59B801285CCBF100C401C7 /* NotificationsView.swift */; };
		1B59B804285CCC0700C401C7 /* MessagesView.swift in Sources */ = {isa = PBXBuildFile; fileRef = 1B59B803285CCC0700C401C7 /* MessagesView.swift */; };
		1B59B808285DD1AE00C401C7 /* ProfileView.swift in Sources */ = {isa = PBXBuildFile; fileRef = 1B59B807285DD1AD00C401C7 /* ProfileView.swift */; };
		1B59B80A2860B60700C401C7 /* TweetFilterViewModel.swift in Sources */ = {isa = PBXBuildFile; fileRef = 1B59B8092860B60600C401C7 /* TweetFilterViewModel.swift */; };
		1B59B80F2860E35D00C401C7 /* UserRowView.swift in Sources */ = {isa = PBXBuildFile; fileRef = 1B59B80E2860E35D00C401C7 /* UserRowView.swift */; };
		1B59B81428617E0D00C401C7 /* SideMenuView.swift in Sources */ = {isa = PBXBuildFile; fileRef = 1B59B81328617E0D00C401C7 /* SideMenuView.swift */; };
		1B59B81628617E1E00C401C7 /* SideMenuOptionRowView.swift in Sources */ = {isa = PBXBuildFile; fileRef = 1B59B81528617E1E00C401C7 /* SideMenuOptionRowView.swift */; };
		1B59B81A28617E5B00C401C7 /* SideMenuViewModel.swift in Sources */ = {isa = PBXBuildFile; fileRef = 1B59B81928617E5B00C401C7 /* SideMenuViewModel.swift */; };
		1B59B81C2861801900C401C7 /* UserStatsView.swift in Sources */ = {isa = PBXBuildFile; fileRef = 1B59B81B2861801900C401C7 /* UserStatsView.swift */; };
		1BE0256C287DD924004C0B7D /* NewTweetView.swift in Sources */ = {isa = PBXBuildFile; fileRef = 1BE0256B287DD924004C0B7D /* NewTweetView.swift */; };
		1BE0256E287DDF77004C0B7D /* TextArea.swift in Sources */ = {isa = PBXBuildFile; fileRef = 1BE0256D287DDF76004C0B7D /* TextArea.swift */; };
		1BE02573287F0A19004C0B7D /* LoginView.swift in Sources */ = {isa = PBXBuildFile; fileRef = 1BE02572287F0A19004C0B7D /* LoginView.swift */; };
		1BE02575287F0A21004C0B7D /* RegistrationView.swift in Sources */ = {isa = PBXBuildFile; fileRef = 1BE02574287F0A21004C0B7D /* RegistrationView.swift */; };
		1BE02577287F0B5F004C0B7D /* RoundedShape.swift in Sources */ = {isa = PBXBuildFile; fileRef = 1BE02576287F0B5F004C0B7D /* RoundedShape.swift */; };
		1BE0257B287F2C8B004C0B7D /* CustomInputField.swift in Sources */ = {isa = PBXBuildFile; fileRef = 1BE0257A287F2C8B004C0B7D /* CustomInputField.swift */; };
		1BE0257E287F2EA7004C0B7D /* AuthHeaderView.swift in Sources */ = {isa = PBXBuildFile; fileRef = 1BE0257D287F2EA7004C0B7D /* AuthHeaderView.swift */; };
		1BE39A9E285391BE0030C1CB /* TweetRowView.swift in Sources */ = {isa = PBXBuildFile; fileRef = 1BE39A9D285391BE0030C1CB /* TweetRowView.swift */; };
		1BE39AA4285392520030C1CB /* FeedView.swift in Sources */ = {isa = PBXBuildFile; fileRef = 1BE39AA3285392520030C1CB /* FeedView.swift */; };
		1BF7579828A002CC00AFEE9A /* UserService.swift in Sources */ = {isa = PBXBuildFile; fileRef = 1BF7579728A002CC00AFEE9A /* UserService.swift */; };
/* End PBXBuildFile section */

/* Begin PBXFileReference section */
		1B0FA18C28842D3200F294E7 /* GoogleService-Info.plist */ = {isa = PBXFileReference; fileEncoding = 4; lastKnownFileType = text.plist.xml; path = "GoogleService-Info.plist"; sourceTree = "<group>"; };
		1B0FA18E28848BF100F294E7 /* AuthViewModel.swift */ = {isa = PBXFileReference; lastKnownFileType = sourcecode.swift; path = AuthViewModel.swift; sourceTree = "<group>"; };
		1B0FA1992886581E00F294E7 /* ProfilePhotoSelecterView.swift */ = {isa = PBXFileReference; lastKnownFileType = sourcecode.swift; path = ProfilePhotoSelecterView.swift; sourceTree = "<group>"; };
		1B0FA19C2886694900F294E7 /* ImagePicker.swift */ = {isa = PBXFileReference; lastKnownFileType = sourcecode.swift; path = ImagePicker.swift; sourceTree = "<group>"; };
		1B0FA19E288F946300F294E7 /* ImageUploader.swift */ = {isa = PBXFileReference; lastKnownFileType = sourcecode.swift; path = ImageUploader.swift; sourceTree = "<group>"; };
		1B13722A28537BFD00B8DCB0 /* TwitterSwiftUIYoutube.app */ = {isa = PBXFileReference; explicitFileType = wrapper.application; includeInIndex = 0; path = TwitterSwiftUIYoutube.app; sourceTree = BUILT_PRODUCTS_DIR; };
		1B13722D28537BFD00B8DCB0 /* TwitterSwiftUIYoutubeApp.swift */ = {isa = PBXFileReference; lastKnownFileType = sourcecode.swift; path = TwitterSwiftUIYoutubeApp.swift; sourceTree = "<group>"; };
		1B13722F28537BFD00B8DCB0 /* ContentView.swift */ = {isa = PBXFileReference; lastKnownFileType = sourcecode.swift; path = ContentView.swift; sourceTree = "<group>"; };
		1B13723128537BFE00B8DCB0 /* Assets.xcassets */ = {isa = PBXFileReference; lastKnownFileType = folder.assetcatalog; path = Assets.xcassets; sourceTree = "<group>"; };
		1B13723428537BFE00B8DCB0 /* Preview Assets.xcassets */ = {isa = PBXFileReference; lastKnownFileType = folder.assetcatalog; path = "Preview Assets.xcassets"; sourceTree = "<group>"; };
		1B59B7F9285CCA4000C401C7 /* MainTabView.swift */ = {isa = PBXFileReference; lastKnownFileType = sourcecode.swift; path = MainTabView.swift; sourceTree = "<group>"; };
		1B59B7FF285CCBD000C401C7 /* ExploreView.swift */ = {isa = PBXFileReference; lastKnownFileType = sourcecode.swift; path = ExploreView.swift; sourceTree = "<group>"; };
		1B59B801285CCBF100C401C7 /* NotificationsView.swift */ = {isa = PBXFileReference; lastKnownFileType = sourcecode.swift; path = NotificationsView.swift; sourceTree = "<group>"; };
		1B59B803285CCC0700C401C7 /* MessagesView.swift */ = {isa = PBXFileReference; lastKnownFileType = sourcecode.swift; path = MessagesView.swift; sourceTree = "<group>"; };
		1B59B807285DD1AD00C401C7 /* ProfileView.swift */ = {isa = PBXFileReference; lastKnownFileType = sourcecode.swift; path = ProfileView.swift; sourceTree = "<group>"; };
		1B59B8092860B60600C401C7 /* TweetFilterViewModel.swift */ = {isa = PBXFileReference; lastKnownFileType = sourcecode.swift; path = TweetFilterViewModel.swift; sourceTree = "<group>"; };
		1B59B80E2860E35D00C401C7 /* UserRowView.swift */ = {isa = PBXFileReference; lastKnownFileType = sourcecode.swift; path = UserRowView.swift; sourceTree = "<group>"; };
		1B59B81328617E0D00C401C7 /* SideMenuView.swift */ = {isa = PBXFileReference; lastKnownFileType = sourcecode.swift; path = SideMenuView.swift; sourceTree = "<group>"; };
		1B59B81528617E1E00C401C7 /* SideMenuOptionRowView.swift */ = {isa = PBXFileReference; lastKnownFileType = sourcecode.swift; path = SideMenuOptionRowView.swift; sourceTree = "<group>"; };
		1B59B81928617E5B00C401C7 /* SideMenuViewModel.swift */ = {isa = PBXFileReference; lastKnownFileType = sourcecode.swift; path = SideMenuViewModel.swift; sourceTree = "<group>"; };
		1B59B81B2861801900C401C7 /* UserStatsView.swift */ = {isa = PBXFileReference; lastKnownFileType = sourcecode.swift; path = UserStatsView.swift; sourceTree = "<group>"; };
		1BE0256B287DD924004C0B7D /* NewTweetView.swift */ = {isa = PBXFileReference; lastKnownFileType = sourcecode.swift; path = NewTweetView.swift; sourceTree = "<group>"; };
		1BE0256D287DDF76004C0B7D /* TextArea.swift */ = {isa = PBXFileReference; lastKnownFileType = sourcecode.swift; path = TextArea.swift; sourceTree = "<group>"; };
		1BE02572287F0A19004C0B7D /* LoginView.swift */ = {isa = PBXFileReference; lastKnownFileType = sourcecode.swift; path = LoginView.swift; sourceTree = "<group>"; };
		1BE02574287F0A21004C0B7D /* RegistrationView.swift */ = {isa = PBXFileReference; lastKnownFileType = sourcecode.swift; path = RegistrationView.swift; sourceTree = "<group>"; };
		1BE02576287F0B5F004C0B7D /* RoundedShape.swift */ = {isa = PBXFileReference; lastKnownFileType = sourcecode.swift; path = RoundedShape.swift; sourceTree = "<group>"; };
		1BE0257A287F2C8B004C0B7D /* CustomInputField.swift */ = {isa = PBXFileReference; lastKnownFileType = sourcecode.swift; path = CustomInputField.swift; sourceTree = "<group>"; };
		1BE0257D287F2EA7004C0B7D /* AuthHeaderView.swift */ = {isa = PBXFileReference; lastKnownFileType = sourcecode.swift; path = AuthHeaderView.swift; sourceTree = "<group>"; };
		1BE39A9D285391BE0030C1CB /* TweetRowView.swift */ = {isa = PBXFileReference; lastKnownFileType = sourcecode.swift; path = TweetRowView.swift; sourceTree = "<group>"; };
		1BE39AA3285392520030C1CB /* FeedView.swift */ = {isa = PBXFileReference; lastKnownFileType = sourcecode.swift; path = FeedView.swift; sourceTree = "<group>"; };
		1BF7579728A002CC00AFEE9A /* UserService.swift */ = {isa = PBXFileReference; lastKnownFileType = sourcecode.swift; path = UserService.swift; sourceTree = "<group>"; };
/* End PBXFileReference section */

/* Begin PBXFrameworksBuildPhase section */
		1B13722728537BFD00B8DCB0 /* Frameworks */ = {
			isa = PBXFrameworksBuildPhase;
			buildActionMask = 2147483647;
			files = (
				1B0FA1832884293D00F294E7 /* FirebaseAuth in Frameworks */,
				1B0FA19228848D0800F294E7 /* FirebaseAuth in Frameworks */,
				1B0FA1892884293D00F294E7 /* FirebaseStorage in Frameworks */,
				1B0FA19628848D0800F294E7 /* FirebaseFirestoreSwift in Frameworks */,
				1B0FA1852884293D00F294E7 /* FirebaseFirestore in Frameworks */,
				1B0FA19828848D0800F294E7 /* FirebaseStorage in Frameworks */,
				1B0FA1872884293D00F294E7 /* FirebaseFirestoreSwift in Frameworks */,
				1B0FA19428848D0800F294E7 /* FirebaseFirestore in Frameworks */,
			);
			runOnlyForDeploymentPostprocessing = 0;
		};
/* End PBXFrameworksBuildPhase section */

/* Begin PBXGroup section */
		1B0FA19B2886692600F294E7 /* Utils */ = {
			isa = PBXGroup;
			children = (
				1B0FA19C2886694900F294E7 /* ImagePicker.swift */,
			);
			path = Utils;
			sourceTree = "<group>";
		};
		1B13722128537BFC00B8DCB0 = {
			isa = PBXGroup;
			children = (
				1B13722C28537BFD00B8DCB0 /* TwitterSwiftUIYoutube */,
				1B13722B28537BFD00B8DCB0 /* Products */,
			);
			sourceTree = "<group>";
		};
		1B13722B28537BFD00B8DCB0 /* Products */ = {
			isa = PBXGroup;
			children = (
				1B13722A28537BFD00B8DCB0 /* TwitterSwiftUIYoutube.app */,
			);
			name = Products;
			sourceTree = "<group>";
		};
		1B13722C28537BFD00B8DCB0 /* TwitterSwiftUIYoutube */ = {
			isa = PBXGroup;
			children = (
				1B0FA19B2886692600F294E7 /* Utils */,
				1BE39A96285390F90030C1CB /* Extensions */,
				1BE39A98285391110030C1CB /* Model */,
				1BE39A9A285391410030C1CB /* Service */,
				1BE39A97285391020030C1CB /* Core */,
				1B13722D28537BFD00B8DCB0 /* TwitterSwiftUIYoutubeApp.swift */,
				1B13722F28537BFD00B8DCB0 /* ContentView.swift */,
				1B13723128537BFE00B8DCB0 /* Assets.xcassets */,
				1B0FA18C28842D3200F294E7 /* GoogleService-Info.plist */,
				1B13723328537BFE00B8DCB0 /* Preview Content */,
			);
			path = TwitterSwiftUIYoutube;
			sourceTree = "<group>";
		};
		1B13723328537BFE00B8DCB0 /* Preview Content */ = {
			isa = PBXGroup;
			children = (
				1B13723428537BFE00B8DCB0 /* Preview Assets.xcassets */,
			);
			path = "Preview Content";
			sourceTree = "<group>";
		};
		1B59B7F8285CCA2900C401C7 /* MainTab */ = {
			isa = PBXGroup;
			children = (
				1B59B7F9285CCA4000C401C7 /* MainTabView.swift */,
			);
			path = MainTab;
			sourceTree = "<group>";
		};
		1B59B7FB285CCB1000C401C7 /* Messages */ = {
			isa = PBXGroup;
			children = (
				1B59B803285CCC0700C401C7 /* MessagesView.swift */,
			);
			path = Messages;
			sourceTree = "<group>";
		};
		1B59B7FC285CCB5000C401C7 /* Notifications */ = {
			isa = PBXGroup;
			children = (
				1B59B801285CCBF100C401C7 /* NotificationsView.swift */,
			);
			path = Notifications;
			sourceTree = "<group>";
		};
		1B59B7FD285CCB5300C401C7 /* Explore */ = {
			isa = PBXGroup;
			children = (
				1B59B80C2860E31F00C401C7 /* ViewModels */,
				1B59B80B2860E31200C401C7 /* Views */,
			);
			name = Explore;
			sourceTree = "<group>";
		};
		1B59B7FE285CCB9900C401C7 /* Profile */ = {
			isa = PBXGroup;
			children = (
				1B59B806285DD1A300C401C7 /* Views */,
				1B59B805285DD19300C401C7 /* ViewModels */,
			);
			path = Profile;
			sourceTree = "<group>";
		};
		1B59B805285DD19300C401C7 /* ViewModels */ = {
			isa = PBXGroup;
			children = (
				1B59B8092860B60600C401C7 /* TweetFilterViewModel.swift */,
			);
			path = ViewModels;
			sourceTree = "<group>";
		};
		1B59B806285DD1A300C401C7 /* Views */ = {
			isa = PBXGroup;
			children = (
				1B59B807285DD1AD00C401C7 /* ProfileView.swift */,
			);
			path = Views;
			sourceTree = "<group>";
		};
		1B59B80B2860E31200C401C7 /* Views */ = {
			isa = PBXGroup;
			children = (
				1B59B7FF285CCBD000C401C7 /* ExploreView.swift */,
			);
			name = Views;
			sourceTree = "<group>";
		};
		1B59B80C2860E31F00C401C7 /* ViewModels */ = {
			isa = PBXGroup;
			children = (
			);
			name = ViewModels;
			sourceTree = "<group>";
		};
		1B59B80D2860E34400C401C7 /* Users */ = {
			isa = PBXGroup;
			children = (
				1B59B80E2860E35D00C401C7 /* UserRowView.swift */,
				1B59B81B2861801900C401C7 /* UserStatsView.swift */,
			);
			path = Users;
			sourceTree = "<group>";
		};
		1B59B81028617DF200C401C7 /* SideMenu */ = {
			isa = PBXGroup;
			children = (
				1B59B81228617E0000C401C7 /* Views */,
				1B59B81128617DFA00C401C7 /* ViewModels */,
			);
			path = SideMenu;
			sourceTree = "<group>";
		};
		1B59B81128617DFA00C401C7 /* ViewModels */ = {
			isa = PBXGroup;
			children = (
				1B59B81928617E5B00C401C7 /* SideMenuViewModel.swift */,
			);
			path = ViewModels;
			sourceTree = "<group>";
		};
		1B59B81228617E0000C401C7 /* Views */ = {
			isa = PBXGroup;
			children = (
				1B59B81328617E0D00C401C7 /* SideMenuView.swift */,
				1B59B81528617E1E00C401C7 /* SideMenuOptionRowView.swift */,
			);
			path = Views;
			sourceTree = "<group>";
		};
		1BE02567287DD8E0004C0B7D /* UploadTweet */ = {
			isa = PBXGroup;
			children = (
				1BE0256A287DD911004C0B7D /* Views */,
				1BE02568287DD8FE004C0B7D /* ViewModels */,
			);
			path = UploadTweet;
			sourceTree = "<group>";
		};
		1BE02568287DD8FE004C0B7D /* ViewModels */ = {
			isa = PBXGroup;
			children = (
			);
			path = ViewModels;
			sourceTree = "<group>";
		};
		1BE0256A287DD911004C0B7D /* Views */ = {
			isa = PBXGroup;
			children = (
				1BE0256B287DD924004C0B7D /* NewTweetView.swift */,
			);
			path = Views;
			sourceTree = "<group>";
		};
		1BE0256F287F0A00004C0B7D /* Authentication */ = {
			isa = PBXGroup;
			children = (
				1BE02571287F0A10004C0B7D /* Views */,
				1BE02570287F0A09004C0B7D /* ViewModels */,
			);
			path = Authentication;
			sourceTree = "<group>";
		};
		1BE02570287F0A09004C0B7D /* ViewModels */ = {
			isa = PBXGroup;
			children = (
				1B0FA18E28848BF100F294E7 /* AuthViewModel.swift */,
			);
			path = ViewModels;
			sourceTree = "<group>";
		};
		1BE02571287F0A10004C0B7D /* Views */ = {
			isa = PBXGroup;
			children = (
				1BE02572287F0A19004C0B7D /* LoginView.swift */,
				1BE02574287F0A21004C0B7D /* RegistrationView.swift */,
				1B0FA1992886581E00F294E7 /* ProfilePhotoSelecterView.swift */,
			);
			path = Views;
			sourceTree = "<group>";
		};
		1BE0257C287F2E94004C0B7D /* Authentication */ = {
			isa = PBXGroup;
			children = (
				1BE0257D287F2EA7004C0B7D /* AuthHeaderView.swift */,
			);
			name = Authentication;
			sourceTree = "<group>";
		};
		1BE39A96285390F90030C1CB /* Extensions */ = {
			isa = PBXGroup;
			children = (
			);
			path = Extensions;
			sourceTree = "<group>";
		};
		1BE39A97285391020030C1CB /* Core */ = {
			isa = PBXGroup;
			children = (
				1BE0256F287F0A00004C0B7D /* Authentication */,
				1BE39A9B285391880030C1CB /* Components */,
				1BE02567287DD8E0004C0B7D /* UploadTweet */,
				1B59B81028617DF200C401C7 /* SideMenu */,
				1B59B7FE285CCB9900C401C7 /* Profile */,
				1B59B7FD285CCB5300C401C7 /* Explore */,
				1B59B7FC285CCB5000C401C7 /* Notifications */,
				1B59B7FB285CCB1000C401C7 /* Messages */,
				1B59B7F8285CCA2900C401C7 /* MainTab */,
				1BE39AA0285392190030C1CB /* Feed */,
			);
			path = Core;
			sourceTree = "<group>";
		};
		1BE39A98285391110030C1CB /* Model */ = {
			isa = PBXGroup;
			children = (
			);
			path = Model;
			sourceTree = "<group>";
		};
		1BE39A9A285391410030C1CB /* Service */ = {
			isa = PBXGroup;
			children = (
				1B0FA19E288F946300F294E7 /* ImageUploader.swift */,
				1BF7579728A002CC00AFEE9A /* UserService.swift */,
			);
			path = Service;
			sourceTree = "<group>";
		};
		1BE39A9B285391880030C1CB /* Components */ = {
			isa = PBXGroup;
			children = (
				1BE0257C287F2E94004C0B7D /* Authentication */,
				1B59B80D2860E34400C401C7 /* Users */,
				1BE39A9C2853919D0030C1CB /* Tweets */,
				1BE0256D287DDF76004C0B7D /* TextArea.swift */,
				1BE02576287F0B5F004C0B7D /* RoundedShape.swift */,
				1BE0257A287F2C8B004C0B7D /* CustomInputField.swift */,
			);
			path = Components;
			sourceTree = "<group>";
		};
		1BE39A9C2853919D0030C1CB /* Tweets */ = {
			isa = PBXGroup;
			children = (
				1BE39A9D285391BE0030C1CB /* TweetRowView.swift */,
			);
			path = Tweets;
			sourceTree = "<group>";
		};
		1BE39AA0285392190030C1CB /* Feed */ = {
			isa = PBXGroup;
			children = (
				1BE39AA2285392420030C1CB /* ViewModels */,
				1BE39AA12853922D0030C1CB /* View */,
			);
			path = Feed;
			sourceTree = "<group>";
		};
		1BE39AA12853922D0030C1CB /* View */ = {
			isa = PBXGroup;
			children = (
				1BE39AA3285392520030C1CB /* FeedView.swift */,
			);
			path = View;
			sourceTree = "<group>";
		};
		1BE39AA2285392420030C1CB /* ViewModels */ = {
			isa = PBXGroup;
			children = (
			);
			path = ViewModels;
			sourceTree = "<group>";
		};
/* End PBXGroup section */

/* Begin PBXNativeTarget section */
		1B13722928537BFD00B8DCB0 /* TwitterSwiftUIYoutube */ = {
			isa = PBXNativeTarget;
			buildConfigurationList = 1B13723828537BFE00B8DCB0 /* Build configuration list for PBXNativeTarget "TwitterSwiftUIYoutube" */;
			buildPhases = (
				1B13722628537BFD00B8DCB0 /* Sources */,
				1B13722728537BFD00B8DCB0 /* Frameworks */,
				1B13722828537BFD00B8DCB0 /* Resources */,
			);
			buildRules = (
			);
			dependencies = (
			);
			name = TwitterSwiftUIYoutube;
			packageProductDependencies = (
				1B0FA1822884293D00F294E7 /* FirebaseAuth */,
				1B0FA1842884293D00F294E7 /* FirebaseFirestore */,
				1B0FA1862884293D00F294E7 /* FirebaseFirestoreSwift */,
				1B0FA1882884293D00F294E7 /* FirebaseStorage */,
				1B0FA19128848D0800F294E7 /* FirebaseAuth */,
				1B0FA19328848D0800F294E7 /* FirebaseFirestore */,
				1B0FA19528848D0800F294E7 /* FirebaseFirestoreSwift */,
				1B0FA19728848D0800F294E7 /* FirebaseStorage */,
			);
			productName = TwitterSwiftUIYoutube;
			productReference = 1B13722A28537BFD00B8DCB0 /* TwitterSwiftUIYoutube.app */;
			productType = "com.apple.product-type.application";
		};
/* End PBXNativeTarget section */

/* Begin PBXProject section */
		1B13722228537BFC00B8DCB0 /* Project object */ = {
			isa = PBXProject;
			attributes = {
				BuildIndependentTargetsInParallel = 1;
				LastSwiftUpdateCheck = 1340;
				LastUpgradeCheck = 1340;
				TargetAttributes = {
					1B13722928537BFD00B8DCB0 = {
						CreatedOnToolsVersion = 13.4.1;
					};
				};
			};
			buildConfigurationList = 1B13722528537BFC00B8DCB0 /* Build configuration list for PBXProject "TwitterSwiftUIYoutube" */;
			compatibilityVersion = "Xcode 13.0";
			developmentRegion = en;
			hasScannedForEncodings = 0;
			knownRegions = (
				en,
				Base,
			);
			mainGroup = 1B13722128537BFC00B8DCB0;
			packageReferences = (
				1B0FA1812884293D00F294E7 /* XCRemoteSwiftPackageReference "firebase-ios-sdk" */,
				1B0FA19028848D0800F294E7 /* XCRemoteSwiftPackageReference "firebase-ios-sdk" */,
			);
			productRefGroup = 1B13722B28537BFD00B8DCB0 /* Products */;
			projectDirPath = "";
			projectRoot = "";
			targets = (
				1B13722928537BFD00B8DCB0 /* TwitterSwiftUIYoutube */,
			);
		};
/* End PBXProject section */

/* Begin PBXResourcesBuildPhase section */
		1B13722828537BFD00B8DCB0 /* Resources */ = {
			isa = PBXResourcesBuildPhase;
			buildActionMask = 2147483647;
			files = (
				1B13723228537BFE00B8DCB0 /* Assets.xcassets in Resources */,
				1B0FA18D28842D3200F294E7 /* GoogleService-Info.plist in Resources */,
			);
			runOnlyForDeploymentPostprocessing = 0;
		};
/* End PBXResourcesBuildPhase section */

/* Begin PBXSourcesBuildPhase section */
		1B13722628537BFD00B8DCB0 /* Sources */ = {
			isa = PBXSourcesBuildPhase;
			buildActionMask = 2147483647;
			files = (
				1B59B804285CCC0700C401C7 /* MessagesView.swift in Sources */,
				1B59B808285DD1AE00C401C7 /* ProfileView.swift in Sources */,
				1BF7579828A002CC00AFEE9A /* UserService.swift in Sources */,
				1BE39AA4285392520030C1CB /* FeedView.swift in Sources */,
				1B59B81628617E1E00C401C7 /* SideMenuOptionRowView.swift in Sources */,
				1BE0257B287F2C8B004C0B7D /* CustomInputField.swift in Sources */,
				1B0FA19F288F946300F294E7 /* ImageUploader.swift in Sources */,
				1B13723028537BFD00B8DCB0 /* ContentView.swift in Sources */,
				1B0FA19D2886694A00F294E7 /* ImagePicker.swift in Sources */,
				1B0FA19A2886581F00F294E7 /* ProfilePhotoSelecterView.swift in Sources */,
				1B59B80A2860B60700C401C7 /* TweetFilterViewModel.swift in Sources */,
				1B13722E28537BFD00B8DCB0 /* TwitterSwiftUIYoutubeApp.swift in Sources */,
				1B59B81428617E0D00C401C7 /* SideMenuView.swift in Sources */,
				1BE39A9E285391BE0030C1CB /* TweetRowView.swift in Sources */,
				1B59B800285CCBD000C401C7 /* ExploreView.swift in Sources */,
				1BE0256E287DDF77004C0B7D /* TextArea.swift in Sources */,
				1B59B81A28617E5B00C401C7 /* SideMenuViewModel.swift in Sources */,
				1BE02573287F0A19004C0B7D /* LoginView.swift in Sources */,
				1BE02575287F0A21004C0B7D /* RegistrationView.swift in Sources */,
				1BE0256C287DD924004C0B7D /* NewTweetView.swift in Sources */,
				1BE0257E287F2EA7004C0B7D /* AuthHeaderView.swift in Sources */,
				1B0FA18F28848BF100F294E7 /* AuthViewModel.swift in Sources */,
				1BE02577287F0B5F004C0B7D /* RoundedShape.swift in Sources */,
				1B59B80F2860E35D00C401C7 /* UserRowView.swift in Sources */,
				1B59B7FA285CCA4000C401C7 /* MainTabView.swift in Sources */,
				1B59B802285CCBF100C401C7 /* NotificationsView.swift in Sources */,
				1B59B81C2861801900C401C7 /* UserStatsView.swift in Sources */,
			);
			runOnlyForDeploymentPostprocessing = 0;
		};
/* End PBXSourcesBuildPhase section */

/* Begin XCBuildConfiguration section */
		1B13723628537BFE00B8DCB0 /* Debug */ = {
			isa = XCBuildConfiguration;
			buildSettings = {
				ALWAYS_SEARCH_USER_PATHS = NO;
				CLANG_ANALYZER_NONNULL = YES;
				CLANG_ANALYZER_NUMBER_OBJECT_CONVERSION = YES_AGGRESSIVE;
				CLANG_CXX_LANGUAGE_STANDARD = "gnu++17";
				CLANG_ENABLE_MODULES = YES;
				CLANG_ENABLE_OBJC_ARC = YES;
				CLANG_ENABLE_OBJC_WEAK = YES;
				CLANG_WARN_BLOCK_CAPTURE_AUTORELEASING = YES;
				CLANG_WARN_BOOL_CONVERSION = YES;
				CLANG_WARN_COMMA = YES;
				CLANG_WARN_CONSTANT_CONVERSION = YES;
				CLANG_WARN_DEPRECATED_OBJC_IMPLEMENTATIONS = YES;
				CLANG_WARN_DIRECT_OBJC_ISA_USAGE = YES_ERROR;
				CLANG_WARN_DOCUMENTATION_COMMENTS = YES;
				CLANG_WARN_EMPTY_BODY = YES;
				CLANG_WARN_ENUM_CONVERSION = YES;
				CLANG_WARN_INFINITE_RECURSION = YES;
				CLANG_WARN_INT_CONVERSION = YES;
				CLANG_WARN_NON_LITERAL_NULL_CONVERSION = YES;
				CLANG_WARN_OBJC_IMPLICIT_RETAIN_SELF = YES;
				CLANG_WARN_OBJC_LITERAL_CONVERSION = YES;
				CLANG_WARN_OBJC_ROOT_CLASS = YES_ERROR;
				CLANG_WARN_QUOTED_INCLUDE_IN_FRAMEWORK_HEADER = YES;
				CLANG_WARN_RANGE_LOOP_ANALYSIS = YES;
				CLANG_WARN_STRICT_PROTOTYPES = YES;
				CLANG_WARN_SUSPICIOUS_MOVE = YES;
				CLANG_WARN_UNGUARDED_AVAILABILITY = YES_AGGRESSIVE;
				CLANG_WARN_UNREACHABLE_CODE = YES;
				CLANG_WARN__DUPLICATE_METHOD_MATCH = YES;
				COPY_PHASE_STRIP = NO;
				DEBUG_INFORMATION_FORMAT = dwarf;
				ENABLE_STRICT_OBJC_MSGSEND = YES;
				ENABLE_TESTABILITY = YES;
				GCC_C_LANGUAGE_STANDARD = gnu11;
				GCC_DYNAMIC_NO_PIC = NO;
				GCC_NO_COMMON_BLOCKS = YES;
				GCC_OPTIMIZATION_LEVEL = 0;
				GCC_PREPROCESSOR_DEFINITIONS = (
					"DEBUG=1",
					"$(inherited)",
				);
				GCC_WARN_64_TO_32_BIT_CONVERSION = YES;
				GCC_WARN_ABOUT_RETURN_TYPE = YES_ERROR;
				GCC_WARN_UNDECLARED_SELECTOR = YES;
				GCC_WARN_UNINITIALIZED_AUTOS = YES_AGGRESSIVE;
				GCC_WARN_UNUSED_FUNCTION = YES;
				GCC_WARN_UNUSED_VARIABLE = YES;
				IPHONEOS_DEPLOYMENT_TARGET = 15.5;
				MTL_ENABLE_DEBUG_INFO = INCLUDE_SOURCE;
				MTL_FAST_MATH = YES;
				ONLY_ACTIVE_ARCH = YES;
				SDKROOT = iphoneos;
				SWIFT_ACTIVE_COMPILATION_CONDITIONS = DEBUG;
				SWIFT_OPTIMIZATION_LEVEL = "-Onone";
			};
			name = Debug;
		};
		1B13723728537BFE00B8DCB0 /* Release */ = {
			isa = XCBuildConfiguration;
			buildSettings = {
				ALWAYS_SEARCH_USER_PATHS = NO;
				CLANG_ANALYZER_NONNULL = YES;
				CLANG_ANALYZER_NUMBER_OBJECT_CONVERSION = YES_AGGRESSIVE;
				CLANG_CXX_LANGUAGE_STANDARD = "gnu++17";
				CLANG_ENABLE_MODULES = YES;
				CLANG_ENABLE_OBJC_ARC = YES;
				CLANG_ENABLE_OBJC_WEAK = YES;
				CLANG_WARN_BLOCK_CAPTURE_AUTORELEASING = YES;
				CLANG_WARN_BOOL_CONVERSION = YES;
				CLANG_WARN_COMMA = YES;
				CLANG_WARN_CONSTANT_CONVERSION = YES;
				CLANG_WARN_DEPRECATED_OBJC_IMPLEMENTATIONS = YES;
				CLANG_WARN_DIRECT_OBJC_ISA_USAGE = YES_ERROR;
				CLANG_WARN_DOCUMENTATION_COMMENTS = YES;
				CLANG_WARN_EMPTY_BODY = YES;
				CLANG_WARN_ENUM_CONVERSION = YES;
				CLANG_WARN_INFINITE_RECURSION = YES;
				CLANG_WARN_INT_CONVERSION = YES;
				CLANG_WARN_NON_LITERAL_NULL_CONVERSION = YES;
				CLANG_WARN_OBJC_IMPLICIT_RETAIN_SELF = YES;
				CLANG_WARN_OBJC_LITERAL_CONVERSION = YES;
				CLANG_WARN_OBJC_ROOT_CLASS = YES_ERROR;
				CLANG_WARN_QUOTED_INCLUDE_IN_FRAMEWORK_HEADER = YES;
				CLANG_WARN_RANGE_LOOP_ANALYSIS = YES;
				CLANG_WARN_STRICT_PROTOTYPES = YES;
				CLANG_WARN_SUSPICIOUS_MOVE = YES;
				CLANG_WARN_UNGUARDED_AVAILABILITY = YES_AGGRESSIVE;
				CLANG_WARN_UNREACHABLE_CODE = YES;
				CLANG_WARN__DUPLICATE_METHOD_MATCH = YES;
				COPY_PHASE_STRIP = NO;
				DEBUG_INFORMATION_FORMAT = "dwarf-with-dsym";
				ENABLE_NS_ASSERTIONS = NO;
				ENABLE_STRICT_OBJC_MSGSEND = YES;
				GCC_C_LANGUAGE_STANDARD = gnu11;
				GCC_NO_COMMON_BLOCKS = YES;
				GCC_WARN_64_TO_32_BIT_CONVERSION = YES;
				GCC_WARN_ABOUT_RETURN_TYPE = YES_ERROR;
				GCC_WARN_UNDECLARED_SELECTOR = YES;
				GCC_WARN_UNINITIALIZED_AUTOS = YES_AGGRESSIVE;
				GCC_WARN_UNUSED_FUNCTION = YES;
				GCC_WARN_UNUSED_VARIABLE = YES;
				IPHONEOS_DEPLOYMENT_TARGET = 15.5;
				MTL_ENABLE_DEBUG_INFO = NO;
				MTL_FAST_MATH = YES;
				SDKROOT = iphoneos;
				SWIFT_COMPILATION_MODE = wholemodule;
				SWIFT_OPTIMIZATION_LEVEL = "-O";
				VALIDATE_PRODUCT = YES;
			};
			name = Release;
		};
		1B13723928537BFE00B8DCB0 /* Debug */ = {
			isa = XCBuildConfiguration;
			buildSettings = {
				ASSETCATALOG_COMPILER_APPICON_NAME = AppIcon;
				ASSETCATALOG_COMPILER_GLOBAL_ACCENT_COLOR_NAME = AccentColor;
				CODE_SIGN_STYLE = Automatic;
				CURRENT_PROJECT_VERSION = 1;
				DEVELOPMENT_ASSET_PATHS = "\"TwitterSwiftUIYoutube\"";
				DEVELOPMENT_TEAM = 5Z65LHWK5A;
				ENABLE_PREVIEWS = YES;
				GENERATE_INFOPLIST_FILE = YES;
				INFOPLIST_KEY_UIApplicationSceneManifest_Generation = YES;
				INFOPLIST_KEY_UIApplicationSupportsIndirectInputEvents = YES;
				INFOPLIST_KEY_UILaunchScreen_Generation = YES;
				INFOPLIST_KEY_UISupportedInterfaceOrientations_iPad = "UIInterfaceOrientationPortrait UIInterfaceOrientationPortraitUpsideDown UIInterfaceOrientationLandscapeLeft UIInterfaceOrientationLandscapeRight";
				INFOPLIST_KEY_UISupportedInterfaceOrientations_iPhone = "UIInterfaceOrientationPortrait UIInterfaceOrientationLandscapeLeft UIInterfaceOrientationLandscapeRight";
				LD_RUNPATH_SEARCH_PATHS = (
					"$(inherited)",
					"@executable_path/Frameworks",
				);
				MARKETING_VERSION = 1.0;
				PRODUCT_BUNDLE_IDENTIFIER = SwiftUI.TwitterSwiftUIYoutube;
				PRODUCT_NAME = "$(TARGET_NAME)";
				SWIFT_EMIT_LOC_STRINGS = YES;
				SWIFT_VERSION = 5.0;
				TARGETED_DEVICE_FAMILY = "1,2";
			};
			name = Debug;
		};
		1B13723A28537BFE00B8DCB0 /* Release */ = {
			isa = XCBuildConfiguration;
			buildSettings = {
				ASSETCATALOG_COMPILER_APPICON_NAME = AppIcon;
				ASSETCATALOG_COMPILER_GLOBAL_ACCENT_COLOR_NAME = AccentColor;
				CODE_SIGN_STYLE = Automatic;
				CURRENT_PROJECT_VERSION = 1;
				DEVELOPMENT_ASSET_PATHS = "\"TwitterSwiftUIYoutube\"";
				DEVELOPMENT_TEAM = 5Z65LHWK5A;
				ENABLE_PREVIEWS = YES;
				GENERATE_INFOPLIST_FILE = YES;
				INFOPLIST_KEY_UIApplicationSceneManifest_Generation = YES;
				INFOPLIST_KEY_UIApplicationSupportsIndirectInputEvents = YES;
				INFOPLIST_KEY_UILaunchScreen_Generation = YES;
				INFOPLIST_KEY_UISupportedInterfaceOrientations_iPad = "UIInterfaceOrientationPortrait UIInterfaceOrientationPortraitUpsideDown UIInterfaceOrientationLandscapeLeft UIInterfaceOrientationLandscapeRight";
				INFOPLIST_KEY_UISupportedInterfaceOrientations_iPhone = "UIInterfaceOrientationPortrait UIInterfaceOrientationLandscapeLeft UIInterfaceOrientationLandscapeRight";
				LD_RUNPATH_SEARCH_PATHS = (
					"$(inherited)",
					"@executable_path/Frameworks",
				);
				MARKETING_VERSION = 1.0;
				PRODUCT_BUNDLE_IDENTIFIER = SwiftUI.TwitterSwiftUIYoutube;
				PRODUCT_NAME = "$(TARGET_NAME)";
				SWIFT_EMIT_LOC_STRINGS = YES;
				SWIFT_VERSION = 5.0;
				TARGETED_DEVICE_FAMILY = "1,2";
			};
			name = Release;
		};
/* End XCBuildConfiguration section */

/* Begin XCConfigurationList section */
		1B13722528537BFC00B8DCB0 /* Build configuration list for PBXProject "TwitterSwiftUIYoutube" */ = {
			isa = XCConfigurationList;
			buildConfigurations = (
				1B13723628537BFE00B8DCB0 /* Debug */,
				1B13723728537BFE00B8DCB0 /* Release */,
			);
			defaultConfigurationIsVisible = 0;
			defaultConfigurationName = Release;
		};
		1B13723828537BFE00B8DCB0 /* Build configuration list for PBXNativeTarget "TwitterSwiftUIYoutube" */ = {
			isa = XCConfigurationList;
			buildConfigurations = (
				1B13723928537BFE00B8DCB0 /* Debug */,
				1B13723A28537BFE00B8DCB0 /* Release */,
			);
			defaultConfigurationIsVisible = 0;
			defaultConfigurationName = Release;
		};
/* End XCConfigurationList section */

/* Begin XCRemoteSwiftPackageReference section */
		1B0FA1812884293D00F294E7 /* XCRemoteSwiftPackageReference "firebase-ios-sdk" */ = {
			isa = XCRemoteSwiftPackageReference;
			repositoryURL = "https://github.com/firebase/firebase-ios-sdk";
			requirement = {
				kind = upToNextMajorVersion;
				minimumVersion = 9.0.0;
			};
		};
		1B0FA19028848D0800F294E7 /* XCRemoteSwiftPackageReference "firebase-ios-sdk" */ = {
			isa = XCRemoteSwiftPackageReference;
			repositoryURL = "https://github.com/firebase/firebase-ios-sdk";
			requirement = {
				branch = master;
				kind = branch;
			};
		};
/* End XCRemoteSwiftPackageReference section */

/* Begin XCSwiftPackageProductDependency section */
		1B0FA1822884293D00F294E7 /* FirebaseAuth */ = {
			isa = XCSwiftPackageProductDependency;
			package = 1B0FA1812884293D00F294E7 /* XCRemoteSwiftPackageReference "firebase-ios-sdk" */;
			productName = FirebaseAuth;
		};
		1B0FA1842884293D00F294E7 /* FirebaseFirestore */ = {
			isa = XCSwiftPackageProductDependency;
			package = 1B0FA1812884293D00F294E7 /* XCRemoteSwiftPackageReference "firebase-ios-sdk" */;
			productName = FirebaseFirestore;
		};
		1B0FA1862884293D00F294E7 /* FirebaseFirestoreSwift */ = {
			isa = XCSwiftPackageProductDependency;
			package = 1B0FA1812884293D00F294E7 /* XCRemoteSwiftPackageReference "firebase-ios-sdk" */;
			productName = FirebaseFirestoreSwift;
		};
		1B0FA1882884293D00F294E7 /* FirebaseStorage */ = {
			isa = XCSwiftPackageProductDependency;
			package = 1B0FA1812884293D00F294E7 /* XCRemoteSwiftPackageReference "firebase-ios-sdk" */;
			productName = FirebaseStorage;
		};
		1B0FA19128848D0800F294E7 /* FirebaseAuth */ = {
			isa = XCSwiftPackageProductDependency;
			package = 1B0FA19028848D0800F294E7 /* XCRemoteSwiftPackageReference "firebase-ios-sdk" */;
			productName = FirebaseAuth;
		};
		1B0FA19328848D0800F294E7 /* FirebaseFirestore */ = {
			isa = XCSwiftPackageProductDependency;
			package = 1B0FA19028848D0800F294E7 /* XCRemoteSwiftPackageReference "firebase-ios-sdk" */;
			productName = FirebaseFirestore;
		};
		1B0FA19528848D0800F294E7 /* FirebaseFirestoreSwift */ = {
			isa = XCSwiftPackageProductDependency;
			package = 1B0FA19028848D0800F294E7 /* XCRemoteSwiftPackageReference "firebase-ios-sdk" */;
			productName = FirebaseFirestoreSwift;
		};
		1B0FA19728848D0800F294E7 /* FirebaseStorage */ = {
			isa = XCSwiftPackageProductDependency;
			package = 1B0FA19028848D0800F294E7 /* XCRemoteSwiftPackageReference "firebase-ios-sdk" */;
			productName = FirebaseStorage;
		};
/* End XCSwiftPackageProductDependency section */
	};
	rootObject = 1B13722228537BFC00B8DCB0 /* Project object */;
}
